
Microsoft Visual Studio Solution File, Format Version 12.00
# Visual Studio 15
VisualStudioVersion = 15.0.28010.2050
MinimumVisualStudioVersion = 10.0.40219.1
Project("{FAE04EC0-301F-11D3-BF4B-00C04F79EFBC}") = "Server", "Server\Server.csproj", "{B6D12B9D-5A6A-42FB-B06B-41C14957F70F}"
EndProject
Project("{FAE04EC0-301F-11D3-BF4B-00C04F79EFBC}") = "Client", "Client\Client.csproj", "{1576E1F0-5788-4B87-8586-24CE174DAA8D}"
EndProject
Global
	GlobalSection(SolutionConfigurationPlatforms) = preSolution
		Debug|Any CPU = Debug|Any CPU
		Release|Any CPU = Release|Any CPU
	EndGlobalSection
	GlobalSection(ProjectConfigurationPlatforms) = postSolution
		{B6D12B9D-5A6A-42FB-B06B-41C14957F70F}.Debug|Any CPU.ActiveCfg = Debug|Any CPU
		{B6D12B9D-5A6A-42FB-B06B-41C14957F70F}.Debug|Any CPU.Build.0 = Debug|Any CPU
		{B6D12B9D-5A6A-42FB-B06B-41C14957F70F}.Release|Any CPU.ActiveCfg = Release|Any CPU
		{B6D12B9D-5A6A-42FB-B06B-41C14957F70F}.Release|Any CPU.Build.0 = Release|Any CPU
		{1576E1F0-5788-4B87-8586-24CE174DAA8D}.Debug|Any CPU.ActiveCfg = Debug|Any CPU
		{1576E1F0-5788-4B87-8586-24CE174DAA8D}.Debug|Any CPU.Build.0 = Debug|Any CPU
		{1576E1F0-5788-4B87-8586-24CE174DAA8D}.Release|Any CPU.ActiveCfg = Release|Any CPU
		{1576E1F0-5788-4B87-8586-24CE174DAA8D}.Release|Any CPU.Build.0 = Release|Any CPU
	EndGlobalSection
	GlobalSection(SolutionProperties) = preSolution
		HideSolutionNode = FALSE
	EndGlobalSection
	GlobalSection(ExtensibilityGlobals) = postSolution
		SolutionGuid = {2F51CE4D-C29C-467B-AA06-5352054A1C83}
	EndGlobalSection
EndGlobal
